lockfileVersion: '9.0'

settings:
  autoInstallPeers: true
  excludeLinksFromLockfile: false

importers:

  .:
    devDependencies:
      elm:
        specifier: ^0.19.1-6
        version: 0.19.1-6
      gh-pages:
        specifier: ^6.3.0
        version: 6.3.0
      uglify-js:
        specifier: ^3.19.3
        version: 3.19.3

packages:

  '@elm_binaries/darwin_arm64@0.19.1-0':
    resolution: {integrity: sha512-mjbsH7BNHEAmoE2SCJFcfk5fIHwFIpxtSgnEAqMsVLpBUFoEtAeX+LQ+N0vSFJB3WAh73+QYx/xSluxxLcL6dA==}
    cpu: [arm64]
    os: [darwin]

  '@elm_binaries/darwin_x64@0.19.1-0':
    resolution: {integrity: sha512-QGUtrZTPBzaxgi9al6nr+9313wrnUVHuijzUK39UsPS+pa+n6CmWyV/69sHZeX9qy6UfeugE0PzF3qcUiy2GDQ==}
    cpu: [x64]
    os: [darwin]

  '@elm_binaries/linux_x64@0.19.1-0':
    resolution: {integrity: sha512-T1ZrWVhg2kKAsi8caOd3vp/1A3e21VuCpSG63x8rDie50fHbCytTway9B8WHEdnBFv4mYWiA68dzGxYCiFmU2w==}
    cpu: [x64]
    os: [linux]

  '@elm_binaries/win32_x64@0.19.1-0':
    resolution: {integrity: sha512-yDleiXqSE9EcqKtd9SkC/4RIW8I71YsXzMPL79ub2bBPHjWTcoyyeBbYjoOB9SxSlArJ74HaoBApzT6hY7Zobg==}
    cpu: [x64]
    os: [win32]

  '@nodelib/fs.scandir@2.1.5':
    resolution: {integrity: sha512-vq24Bq3ym5HEQm2NKCr3yXDwjc7vTsEThRDnkp2DK9p1uqLR+DHurm/NOTo0KG7HYHU7eppKZj3MyqYuMBf62g==}
    engines: {node: '>= 8'}

  '@nodelib/fs.stat@2.0.5':
    resolution: {integrity: sha512-RkhPPp2zrqDAQA/2jNhnztcPAlv64XdhIp7a7454A5ovI7Bukxgt7MX7udwAu3zg1DcpPU0rz3VV1SeaqvY4+A==}
    engines: {node: '>= 8'}

  '@nodelib/fs.walk@1.2.8':
    resolution: {integrity: sha512-oGB+UxlgWcgQkgwo8GcEGwemoTFt3FIO9ababBmaGwXIoBKZ+GTy0pP185beGg7Llih/NSHSV2XAs1lnznocSg==}
    engines: {node: '>= 8'}

  array-union@2.1.0:
    resolution: {integrity: sha512-HGyxoOTYUyCM6stUe6EJgnd4EoewAI7zMdfqO+kGjnlZmBDz/cR5pf8r/cR4Wq60sL/p0IkcjUEEPwS3GFrIyw==}
    engines: {node: '>=8'}

  async@3.2.6:
    resolution: {integrity: sha512-htCUDlxyyCLMgaM3xXg0C0LW2xqfuQ6p05pCEIsXuyQ+a1koYKTuBMzRNwmybfLgvJDMd0r1LTn4+E0Ti6C2AA==}

  braces@3.0.3:
    resolution: {integrity: sha512-yQbXgO/OSZVD2IsiLlro+7Hf6Q18EJrKSEsdoMzKePKXct3gvD8oLcOQdIzGupr5Fj+EDe8gO/lxc1BzfMpxvA==}
    engines: {node: '>=8'}

  commander@13.1.0:
    resolution: {integrity: sha512-/rFeCpNJQbhSZjGVwO9RFV3xPqbnERS8MmIQzCtD/zl6gpJuV/bMLuN92oG3F7d8oDEHHRrujSXNUr8fpjntKw==}
    engines: {node: '>=18'}

  commondir@1.0.1:
    resolution: {integrity: sha512-W9pAhw0ja1Edb5GVdIF1mjZw/ASI0AlShXM83UUGe2DVr5TdAPEA1OA8m/g8zWp9x6On7gqufY+FatDbC3MDQg==}

  dir-glob@3.0.1:
    resolution: {integrity: sha512-WkrWp9GR4KXfKGYzOLmTuGVi1UWFfws377n9cc55/tb6DuqyF6pcQ5AbiHEshaDpY9v6oaSr2XCDidGmMwdzIA==}
    engines: {node: '>=8'}

  elm@0.19.1-6:
    resolution: {integrity: sha512-mKYyierHICPdMx/vhiIacdPmTPnh889gjHOZ75ZAoCxo3lZmSWbGP8HMw78wyctJH0HwvTmeKhlYSWboQNYPeQ==}
    engines: {node: '>=7.0.0'}
    hasBin: true

  email-addresses@5.0.0:
    resolution: {integrity: sha512-4OIPYlA6JXqtVn8zpHpGiI7vE6EQOAg16aGnDMIAlZVinnoZ8208tW1hAbjWydgN/4PLTT9q+O1K6AH/vALJGw==}

  escape-string-regexp@1.0.5:
    resolution: {integrity: sha512-vbRorB5FUQWvla16U8R/qgaFIya2qGzwDrNmCZuYKrbdSUMG6I1ZCGQRefkRVhuOkIGVne7BQ35DSfo1qvJqFg==}
    engines: {node: '>=0.8.0'}

  fast-glob@3.3.3:
    resolution: {integrity: sha512-7MptL8U0cqcFdzIzwOTHoilX9x5BrNqye7Z/LuC7kCMRio1EMSyqRK3BEAUD7sXRq4iT4AzTVuZdhgQ2TCvYLg==}
    engines: {node: '>=8.6.0'}

  fastq@1.20.1:
    resolution: {integrity: sha512-GGToxJ/w1x32s/D2EKND7kTil4n8OVk/9mycTc4VDza13lOvpUZTGX3mFSCtV9ksdGBVzvsyAVLM6mHFThxXxw==}

  filename-reserved-regex@2.0.0:
    resolution: {integrity: sha512-lc1bnsSr4L4Bdif8Xb/qrtokGbq5zlsms/CYH8PP+WtCkGNF65DPiQY8vG3SakEdRn8Dlnm+gW/qWKKjS5sZzQ==}
    engines: {node: '>=4'}

  filenamify@4.3.0:
    resolution: {integrity: sha512-hcFKyUG57yWGAzu1CMt/dPzYZuv+jAJUT85bL8mrXvNe6hWj6yEHEc4EdcgiA6Z3oi1/9wXJdZPXF2dZNgwgOg==}
    engines: {node: '>=8'}

  fill-range@7.1.1:
    resolution: {integrity: sha512-YsGpe3WHLK8ZYi4tWDg2Jy3ebRz2rXowDxnld4bkQB00cc/1Zw9AWnC0i9ztDJitivtQvaI9KaLyKrc+hBW0yg==}
    engines: {node: '>=8'}

  find-cache-dir@3.3.2:
    resolution: {integrity: sha512-wXZV5emFEjrridIgED11OoUKLxiYjAcqot/NJdAkOhlJ+vGzwhOAfcG5OX1jP+S0PcjEn8bdMJv+g2jwQ3Onig==}
    engines: {node: '>=8'}

  find-up@4.1.0:
    resolution: {integrity: sha512-PpOwAdQ/YlXQ2vj8a3h8IipDuYRi3wceVQQGYWxNINccq40Anw7BlsEXCMbt1Zt+OLA6Fq9suIpIWD0OsnISlw==}
    engines: {node: '>=8'}

  fs-extra@11.4.0:
    resolution: {integrity: sha512-EQsFzMUJkCKGr1ePqlYADkIUmHW1s3ZXr5Yqy6wbGrfUCphpl2maM/kyOIRA2HpP3AaFQTZXD4ldjek+nccddA==}
    engines: {node: '>=14.14'}

  gh-pages@6.3.0:
    resolution: {integrity: sha512-Ot5lU6jK0Eb+sszG8pciXdjMXdBJ5wODvgjR+imihTqsUWF2K6dJ9HST55lgqcs8wWcw6o6wAsUzfcYRhJPXbA==}
    engines: {node: '>=10'}
    hasBin: true

  glob-parent@5.1.2:
    resolution: {integrity: sha512-AOIgSQCepiJYwP3ARnGx+5VnTu2HBYdzbGP45eLw1vr3zB3vZLeyed1sC9hnbcOc9/SrMyM5RPQrkGz4aS9Zow==}
    engines: {node: '>= 6'}

  globby@11.1.0:
    resolution: {integrity: sha512-jhIXaOzy1sb8IyocaruWSn1TjmnBVs8Ayhcy83rmxNJ8q2uWKCAj3CnJY+KpGSXCueAPc0i05kVvVKtP1t9S3g==}
    engines: {node: '>=10'}

  graceful-fs@4.2.11:
    resolution: {integrity: sha512-RbJ5/jmFcNNCcDV5o9eTnBLJ/HszWV0P73bc+Ff4nS/rJj+YaS6IGyiOL0VoBYX+l1Wrl3k63h/KrH+nhJ0XvQ==}

  ignore@5.3.2:
    resolution: {integrity: sha512-hsBTNUqQTDwkWtcdYI2i06Y/nUBEsNEDJKjWdigLvegy8kDuJAS8uRlpkkcQpyEXL0Z/pjDy5HBmMjRCJ2gq+g==}
    engines: {node: '>= 4'}

  is-extglob@2.1.1:
    resolution: {integrity: sha512-SbKbANkN603Vi4jEZv49LeVJMn4yGwsbzZworEoyEiutsN3nJYdbO36zfhGJ6QEDpOZIFkDtnq5JRxmvl3jsoQ==}
    engines: {node: '>=0.10.0'}

  is-glob@4.0.3:
    resolution: {integrity: sha512-xelSayHH36ZgE7ZWhli7pW34hNbNl8Ojv5KVmkJD4hBdD3th8Tfk9vYasLM+mXWOZhFkgZfxhLSnrwRr4elSSg==}
    engines: {node: '>=0.10.0'}

  is-number@7.0.0:
    resolution: {integrity: sha512-41Cifkg6e8TylSpdtTpeLVMqvSBEVzTttHvERD741+pnZ8ANv0004MRL43QKPDlK9cGvNp6NZWZUBlbGXYxxng==}
    engines: {node: '>=0.12.0'}

  jsonfile@6.2.1:
    resolution: {integrity: sha512-zwOTdL3rFQ/lRdBnntKVOX6k5cKJwEc1HdilT71BWEu7J41gXIB2MRp+vxduPSwZJPWBxEzv4yH1wYLJGUHX4Q==}

  locate-path@5.0.0:
    resolution: {integrity: sha512-t7hw9pI+WvuwNJXwk5zVHpyhIqzg2qTlklJOf0mVxGSbe3Fp2VieZcduNYjaLDoy6p9uGpQEGWG87WpMKlNq8g==}
    engines: {node: '>=8'}

  make-dir@3.1.0:
    resolution: {integrity: sha512-g3FeP20LNwhALb/6Cz6Dd4F2ngze0jz7tbzrD2wAV+o9FeNHe4rL+yK2md0J/fiSf1sa1ADhXqi5+oVwOM/eGw==}
    engines: {node: '>=8'}

  merge2@1.4.1:
    resolution: {integrity: sha512-8q7VEgMJW4J8tcfVPy8g09NcQwZdbwFEqhe/WZkoIzjn/3TGDwtOCYtXGxA3O8tPzpczCCDgv+P2P5y00ZJOOg==}
    engines: {node: '>= 8'}

  micromatch@4.0.8:
    resolution: {integrity: sha512-PXwfBhYu0hBCPw8Dn0E+WDYb7af3dSLVWKi3HGv84IdF4TyFoC0ysxFd0Goxw7nSv4T/PzEJQxsYsEiFCKo2BA==}
    engines: {node: '>=8.6'}

  p-limit@2.3.0:
    resolution: {integrity: sha512-//88mFWSJx8lxCzwdAABTJL2MyWB12+eIY7MDL2SqLmAkeKU9qxRvWuSyTjm3FUmpBEMuFfckAIqEaVGUDxb6w==}
    engines: {node: '>=6'}

  p-locate@4.1.0:
    resolution: {integrity: sha512-R79ZZ/0wAxKGu3oYMlz8jy/kbhsNrS7SKZ7PxEHBgJ5+F2mtFW2fK2cOtBh1cHYkQsbzFV7I+EoRKe6Yt0oK7A==}
    engines: {node: '>=8'}

  p-try@2.2.0:
    resolution: {integrity: sha512-R4nPAVTAU0B9D35/Gk3uJf/7XYbQcyohSKdvAxIRSNghFl4e71hVoGnBNQz9cWaXxO2I10KTC+3jMdvvoKw6dQ==}
    engines: {node: '>=6'}

  path-exists@4.0.0:
    resolution: {integrity: sha512-ak9Qy5Q7jYb2Wwcey5Fpvg2KoAc/ZIhLSLOSBmRmygPsGwkVVt0fZa0qrtMz+m6tJTAHfZQ8FnmB4MG4LWy7/w==}
    engines: {node: '>=8'}

  path-type@4.0.0:
    resolution: {integrity: sha512-gDKb8aZMDeD/tZWs9P6+q0J9Mwkdl6xMV8TjnGP3qJVJ06bdMgkbBlLU8IdfOsIsFz2BW1rNVT3XuNEl8zPAvw==}
    engines: {node: '>=8'}

  picomatch@2.3.2:
    resolution: {integrity: sha512-V7+vQEJ06Z+c5tSye8S+nHUfI51xoXIXjHQ99cQtKUkQqqO1kO/KCJUfZXuB47h/YBlDhah2H3hdUGXn8ie0oA==}
    engines: {node: '>=8.6'}

  pkg-dir@4.2.0:
    resolution: {integrity: sha512-HRDzbaKjC+AOWVXxAU/x54COGeIv9eb+6CkDSQoNTt4XyWoIJvuPsXizxu/Fr23EiekbtZwmh1IcIG/l/a10GQ==}
    engines: {node: '>=8'}

  queue-microtask@1.2.3:
    resolution: {integrity: sha512-NuaNSa6flKT5JaSYQzJok04JzTL1CA6aGhv5rfLW3PgqA+M2ChpZQnAC8h8i4ZFkBS8X5RqkDBHA7r4hej3K9A==}

  reusify@1.1.0:
    resolution: {integrity: sha512-g6QUff04oZpHs0eG5p83rFLhHeV00ug/Yf9nZM6fLeUrPguBTkTQOdpAWWspMh55TZfVQDPaN3NQJfbVRAxdIw==}
    engines: {iojs: '>=1.0.0', node: '>=0.10.0'}

  run-parallel@1.2.0:
    resolution: {integrity: sha512-5l4VyZR86LZ/lDxZTR6jqL8AFE2S0IFLMP26AbjsLVADxHdhB/c0GUsH+y39UfCi3dzz8OlQuPmnaJOMoDHQBA==}

  semver@6.3.1:
    resolution: {integrity: sha512-BR7VvDCVHO+q2xBEWskxS6DJE1qRnb7DxzUrogb71CWoSficBxYsiAGd+Kl0mmq/MprG9yArRkyrQxTO6XjMzA==}
    hasBin: true

  slash@3.0.0:
    resolution: {integrity: sha512-g9Q1haeby36OSStwb4ntCGGGaKsaVSjQ68fBxoQcutl5fS1vuY18H3wSt3jFyFtrkx+Kz0V1G85A4MyAdDMi2Q==}
    engines: {node: '>=8'}

  strip-outer@1.0.1:
    resolution: {integrity: sha512-k55yxKHwaXnpYGsOzg4Vl8+tDrWylxDEpknGjhTiZB8dFRU5rTo9CAzeycivxV3s+zlTKwrs6WxMxR95n26kwg==}
    engines: {node: '>=0.10.0'}

  to-regex-range@5.0.1:
    resolution: {integrity: sha512-65P7iz6X5yEr1cwcgvQxbbIw7Uk3gOy5dIdtZ4rDveLqhrdJP+Li/Hx6tyK0NEb+2GCyneCMJiGqrADCSNk8sQ==}
    engines: {node: '>=8.0'}

  trim-repeated@1.0.0:
    resolution: {integrity: sha512-pkonvlKk8/ZuR0D5tLW8ljt5I8kmxp2XKymhepUeOdCEfKpZaktSArkLHZt76OB1ZvO9bssUsDty4SWhLvZpLg==}
    engines: {node: '>=0.10.0'}

  uglify-js@3.19.3:
    resolution: {integrity: sha512-v3Xu+yuwBXisp6QYTcH4UbH+xYJXqnq2m/LtQVWKWzYc1iehYnLixoQDN9FH6/j9/oybfd6W9Ghwkl8+UMKTKQ==}
    engines: {node: '>=0.8.0'}
    hasBin: true

  universalify@2.0.1:
    resolution: {integrity: sha512-gptHNQghINnc/vTGIk0SOFGFNXw7JVrlRUtConJRlvaw6DuX0wO5Jeko9sWrMBhh+PsYAZ7oXAiOnf/UKogyiw==}
    engines: {node: '>= 10.0.0'}

snapshots:

  '@elm_binaries/darwin_arm64@0.19.1-0':
    optional: true

  '@elm_binaries/darwin_x64@0.19.1-0':
    optional: true

  '@elm_binaries/linux_x64@0.19.1-0':
    optional: true

  '@elm_binaries/win32_x64@0.19.1-0':
    optional: true

  '@nodelib/fs.scandir@2.1.5':
    dependencies:
      '@nodelib/fs.stat': 2.0.5
      run-parallel: 1.2.0

  '@nodelib/fs.stat@2.0.5': {}

  '@nodelib/fs.walk@1.2.8':
    dependencies:
      '@nodelib/fs.scandir': 2.1.5
      fastq: 1.20.1

  array-union@2.1.0: {}

  async@3.2.6: {}

  braces@3.0.3:
    dependencies:
      fill-range: 7.1.1

  commander@13.1.0: {}

  commondir@1.0.1: {}

  dir-glob@3.0.1:
    dependencies:
      path-type: 4.0.0

  elm@0.19.1-6:
    optionalDependencies:
      '@elm_binaries/darwin_arm64': 0.19.1-0
      '@elm_binaries/darwin_x64': 0.19.1-0
      '@elm_binaries/linux_x64': 0.19.1-0
      '@elm_binaries/win32_x64': 0.19.1-0

  email-addresses@5.0.0: {}

  escape-string-regexp@1.0.5: {}

  fast-glob@3.3.3:
    dependencies:
      '@nodelib/fs.stat': 2.0.5
      '@nodelib/fs.walk': 1.2.8
      glob-parent: 5.1.2
      merge2: 1.4.1
      micromatch: 4.0.8

  fastq@1.20.1:
    dependencies:
      reusify: 1.1.0

  filename-reserved-regex@2.0.0: {}

  filenamify@4.3.0:
    dependencies:
      filename-reserved-regex: 2.0.0
      strip-outer: 1.0.1
      trim-repeated: 1.0.0

  fill-range@7.1.1:
    dependencies:
      to-regex-range: 5.0.1

  find-cache-dir@3.3.2:
    dependencies:
      commondir: 1.0.1
      make-dir: 3.1.0
      pkg-dir: 4.2.0

  find-up@4.1.0:
    dependencies:
      locate-path: 5.0.0
      path-exists: 4.0.0

  fs-extra@11.4.0:
    dependencies:
      graceful-fs: 4.2.11
      jsonfile: 6.2.1
      universalify: 2.0.1

  gh-pages@6.3.0:
    dependencies:
      async: 3.2.6
      commander: 13.1.0
      email-addresses: 5.0.0
      filenamify: 4.3.0
      find-cache-dir: 3.3.2
      fs-extra: 11.4.0
      globby: 11.1.0

  glob-parent@5.1.2:
    dependencies:
      is-glob: 4.0.3

  globby@11.1.0:
    dependencies:
      array-union: 2.1.0
      dir-glob: 3.0.1
      fast-glob: 3.3.3
      ignore: 5.3.2
      merge2: 1.4.1
      slash: 3.0.0

  graceful-fs@4.2.11: {}

  ignore@5.3.2: {}

  is-extglob@2.1.1: {}

  is-glob@4.0.3:
    dependencies:
      is-extglob: 2.1.1

  is-number@7.0.0: {}

  jsonfile@6.2.1:
    dependencies:
      universalify: 2.0.1
    optionalDependencies:
      graceful-fs: 4.2.11

  locate-path@5.0.0:
    dependencies:
      p-locate: 4.1.0

  make-dir@3.1.0:
    dependencies:
      semver: 6.3.1

  merge2@1.4.1: {}

  micromatch@4.0.8:
    dependencies:
      braces: 3.0.3
      picomatch: 2.3.2

  p-limit@2.3.0:
    dependencies:
      p-try: 2.2.0

  p-locate@4.1.0:
    dependencies:
      p-limit: 2.3.0

  p-try@2.2.0: {}

  path-exists@4.0.0: {}

  path-type@4.0.0: {}

  picomatch@2.3.2: {}

  pkg-dir@4.2.0:
    dependencies:
      find-up: 4.1.0

  queue-microtask@1.2.3: {}

  reusify@1.1.0: {}

  run-parallel@1.2.0:
    dependencies:
      queue-microtask: 1.2.3

  semver@6.3.1: {}

  slash@3.0.0: {}

  strip-outer@1.0.1:
    dependencies:
      escape-string-regexp: 1.0.5

  to-regex-range@5.0.1:
    dependencies:
      is-number: 7.0.0

  trim-repeated@1.0.0:
    dependencies:
      escape-string-regexp: 1.0.5

  uglify-js@3.19.3: {}

  universalify@2.0.1: {}
